
Microsoft Visual Studio Solution File, Format Version 12.00
# Visual Studio Version 16
VisualStudioVersion = 16.0.30011.22
MinimumVisualStudioVersion = 10.0.40219.1
Project("{FAE04EC0-301F-11D3-BF4B-00C04F79EFBC}") = "GalleryApp.Domain", "GalleryApp.Domain\GalleryApp.Domain.csproj", "{496B889D-AA74-4F56-AD34-44453DC0AB22}"
EndProject
Project("{FAE04EC0-301F-11D3-BF4B-00C04F79EFBC}") = "GalleryApp.Infrastructure", "GalleryApp.Infrastructure\GalleryApp.Infrastructure.csproj", "{8E9DB96A-4824-4138-8CCC-F38BA3DBD273}"
EndProject
Project("{FAE04EC0-301F-11D3-BF4B-00C04F79EFBC}") = "GalleryApp.Web", "GalleryApp.Web\GalleryApp.Web.csproj", "{B7E6C645-BB4A-4511-A4BA-2F21D86B1B5F}"
EndProject
Global
	GlobalSection(SolutionConfigurationPlatforms) = preSolution
		Debug|Any CPU = Debug|Any CPU
		Release|Any CPU = Release|Any CPU
	EndGlobalSection
	GlobalSection(ProjectConfigurationPlatforms) = postSolution
		{496B889D-AA74-4F56-AD34-44453DC0AB22}.Debug|Any CPU.ActiveCfg = Debug|Any CPU
		{496B889D-AA74-4F56-AD34-44453DC0AB22}.Debug|Any CPU.Build.0 = Debug|Any CPU
		{496B889D-AA74-4F56-AD34-44453DC0AB22}.Release|Any CPU.ActiveCfg = Release|Any CPU
		{496B889D-AA74-4F56-AD34-44453DC0AB22}.Release|Any CPU.Build.0 = Release|Any CPU
		{8E9DB96A-4824-4138-8CCC-F38BA3DBD273}.Debug|Any CPU.ActiveCfg = Debug|Any CPU
		{8E9DB96A-4824-4138-8CCC-F38BA3DBD273}.Debug|Any CPU.Build.0 = Debug|Any CPU
		{8E9DB96A-4824-4138-8CCC-F38BA3DBD273}.Release|Any CPU.ActiveCfg = Release|Any CPU
		{8E9DB96A-4824-4138-8CCC-F38BA3DBD273}.Release|Any CPU.Build.0 = Release|Any CPU
		{B7E6C645-BB4A-4511-A4BA-2F21D86B1B5F}.Debug|Any CPU.ActiveCfg = Debug|Any CPU
		{B7E6C645-BB4A-4511-A4BA-2F21D86B1B5F}.Debug|Any CPU.Build.0 = Debug|Any CPU
		{B7E6C645-BB4A-4511-A4BA-2F21D86B1B5F}.Release|Any CPU.ActiveCfg = Release|Any CPU
		{B7E6C645-BB4A-4511-A4BA-2F21D86B1B5F}.Release|Any CPU.Build.0 = Release|Any CPU
	EndGlobalSection
	GlobalSection(SolutionProperties) = preSolution
		HideSolutionNode = FALSE
	EndGlobalSection
	GlobalSection(ExtensibilityGlobals) = postSolution
		SolutionGuid = {5E08EE0F-5620-4BEC-BCD1-A54897009129}
	EndGlobalSection
EndGlobal
